// !$*UTF8*$!
{
	archiveVersion = 1;
	classes = {
	};
	objectVersion = 46;
	objects = {

/* Begin PBXBuildFile section */
		30F0B4260DA11807277F6C60 /* Pods_MooTorrentUITests.framework in Frameworks */ = {isa = PBXBuildFile; fileRef = A6D96198E63990F8E8303010 /* Pods_MooTorrentUITests.framework */; };
		4604F4661DB4895B004F2467 /* Podfile in Resources */ = {isa = PBXBuildFile; fileRef = 4604F4651DB4895B004F2467 /* Podfile */; };
		46C863981DADD288003E112A /* AppDelegate.swift in Sources */ = {isa = PBXBuildFile; fileRef = 46C863971DADD288003E112A /* AppDelegate.swift */; };
		46C8639A1DADD288003E112A /* PreferenceWindowController.swift in Sources */ = {isa = PBXBuildFile; fileRef = 46C863991DADD288003E112A /* PreferenceWindowController.swift */; };
		46C8639F1DADD288003E112A /* Assets.xcassets in Resources */ = {isa = PBXBuildFile; fileRef = 46C8639E1DADD288003E112A /* Assets.xcassets */; };
		46C863A21DADD288003E112A /* Main.storyboard in Resources */ = {isa = PBXBuildFile; fileRef = 46C863A01DADD288003E112A /* Main.storyboard */; };
		46C863AD1DADD288003E112A /* MooTorrentTests.swift in Sources */ = {isa = PBXBuildFile; fileRef = 46C863AC1DADD288003E112A /* MooTorrentTests.swift */; };
		46C863B81DADD289003E112A /* MooTorrentUITests.swift in Sources */ = {isa = PBXBuildFile; fileRef = 46C863B71DADD289003E112A /* MooTorrentUITests.swift */; };
		46C863C61DADDD12003E112A /* Torrent.swift in Sources */ = {isa = PBXBuildFile; fileRef = 46C863C51DADDD12003E112A /* Torrent.swift */; };
		46CE7E071DB52ED5001DAF89 /* TorrentController.swift in Sources */ = {isa = PBXBuildFile; fileRef = 46CE7E051DB52322001DAF89 /* TorrentController.swift */; };
		6795F2ED1871ABA528B7E06E /* Pods_MooTorrentTests.framework in Frameworks */ = {isa = PBXBuildFile; fileRef = 63E58A48901871B59AF9F1A4 /* Pods_MooTorrentTests.framework */; };
		D0C0403588895A1D35DEA02F /* Pods_MooTorrent.framework in Frameworks */ = {isa = PBXBuildFile; fileRef = C676F834953C7909689A878E /* Pods_MooTorrent.framework */; };
/* End PBXBuildFile section */

/* Begin PBXContainerItemProxy section */
		46C863A91DADD288003E112A /* PBXContainerItemProxy */ = {
			isa = PBXContainerItemProxy;
			containerPortal = 46C8638C1DADD288003E112A /* Project object */;
			proxyType = 1;
			remoteGlobalIDString = 46C863931DADD288003E112A;
			remoteInfo = MooTorrent;
		};
		46C863B41DADD289003E112A /* PBXContainerItemProxy */ = {
			isa = PBXContainerItemProxy;
			containerPortal = 46C8638C1DADD288003E112A /* Project object */;
			proxyType = 1;
			remoteGlobalIDString = 46C863931DADD288003E112A;
			remoteInfo = MooTorrent;
		};
/* End PBXContainerItemProxy section */

/* Begin PBXFileReference section */
		427D06CC6CA0BD03182A31A8 /* Pods-MooTorrent.release.xcconfig */ = {isa = PBXFileReference; includeInIndex = 1; lastKnownFileType = text.xcconfig; name = "Pods-MooTorrent.release.xcconfig"; path = "Pods/Target Support Files/Pods-MooTorrent/Pods-MooTorrent.release.xcconfig"; sourceTree = "<group>"; };
		4604F4651DB4895B004F2467 /* Podfile */ = {isa = PBXFileReference; fileEncoding = 4; lastKnownFileType = text; path = Podfile; sourceTree = "<group>"; xcLanguageSpecificationIdentifier = xcode.lang.ruby; };
		46C863941DADD288003E112A /* MooTorrent.app */ = {isa = PBXFileReference; explicitFileType = wrapper.application; includeInIndex = 0; path = MooTorrent.app; sourceTree = BUILT_PRODUCTS_DIR; };
		46C863971DADD288003E112A /* AppDelegate.swift */ = {isa = PBXFileReference; lastKnownFileType = sourcecode.swift; path = AppDelegate.swift; sourceTree = "<group>"; };
		46C863991DADD288003E112A /* PreferenceWindowController.swift */ = {isa = PBXFileReference; lastKnownFileType = sourcecode.swift; path = PreferenceWindowController.swift; sourceTree = "<group>"; };
		46C8639E1DADD288003E112A /* Assets.xcassets */ = {isa = PBXFileReference; lastKnownFileType = folder.assetcatalog; path = Assets.xcassets; sourceTree = "<group>"; };
		46C863A11DADD288003E112A /* Base */ = {isa = PBXFileReference; lastKnownFileType = file.storyboard; name = Base; path = Base.lproj/Main.storyboard; sourceTree = "<group>"; };
		46C863A31DADD288003E112A /* Info.plist */ = {isa = PBXFileReference; lastKnownFileType = text.plist.xml; path = Info.plist; sourceTree = "<group>"; };
		46C863A81DADD288003E112A /* MooTorrentTests.xctest */ = {isa = PBXFileReference; explicitFileType = wrapper.cfbundle; includeInIndex = 0; path = MooTorrentTests.xctest; sourceTree = BUILT_PRODUCTS_DIR; };
		46C863AC1DADD288003E112A /* MooTorrentTests.swift */ = {isa = PBXFileReference; lastKnownFileType = sourcecode.swift; path = MooTorrentTests.swift; sourceTree = "<group>"; };
		46C863AE1DADD288003E112A /* Info.plist */ = {isa = PBXFileReference; lastKnownFileType = text.plist.xml; path = Info.plist; sourceTree = "<group>"; };
		46C863B31DADD289003E112A /* MooTorrentUITests.xctest */ = {isa = PBXFileReference; explicitFileType = wrapper.cfbundle; includeInIndex = 0; path = MooTorrentUITests.xctest; sourceTree = BUILT_PRODUCTS_DIR; };
		46C863B71DADD289003E112A /* MooTorrentUITests.swift */ = {isa = PBXFileReference; lastKnownFileType = sourcecode.swift; path = MooTorrentUITests.swift; sourceTree = "<group>"; };
		46C863B91DADD289003E112A /* Info.plist */ = {isa = PBXFileReference; lastKnownFileType = text.plist.xml; path = Info.plist; sourceTree = "<group>"; };
		46C863C51DADDD12003E112A /* Torrent.swift */ = {isa = PBXFileReference; fileEncoding = 4; lastKnownFileType = sourcecode.swift; path = Torrent.swift; sourceTree = "<group>"; };
		46CE7E051DB52322001DAF89 /* TorrentController.swift */ = {isa = PBXFileReference; fileEncoding = 4; lastKnownFileType = sourcecode.swift; path = TorrentController.swift; sourceTree = "<group>"; };
		46CE7E091DB53220001DAF89 /* Foundation.framework */ = {isa = PBXFileReference; lastKnownFileType = wrapper.framework; name = Foundation.framework; path = System/Library/Frameworks/Foundation.framework; sourceTree = SDKROOT; };
		63E58A48901871B59AF9F1A4 /* Pods_MooTorrentTests.framework */ = {isa = PBXFileReference; explicitFileType = wrapper.framework; includeInIndex = 0; path = Pods_MooTorrentTests.framework; sourceTree = BUILT_PRODUCTS_DIR; };
		757452C31FA33B1E000625BD /* Pods-MooTorrentTests.release.xcconfig */ = {isa = PBXFileReference; includeInIndex = 1; lastKnownFileType = text.xcconfig; name = "Pods-MooTorrentTests.release.xcconfig"; path = "Pods/Target Support Files/Pods-MooTorrentTests/Pods-MooTorrentTests.release.xcconfig"; sourceTree = "<group>"; };
		86A3CEF9BE572FEEA284BCB5 /* Pods-MooTorrentUITests.release.xcconfig */ = {isa = PBXFileReference; includeInIndex = 1; lastKnownFileType = text.xcconfig; name = "Pods-MooTorrentUITests.release.xcconfig"; path = "Pods/Target Support Files/Pods-MooTorrentUITests/Pods-MooTorrentUITests.release.xcconfig"; sourceTree = "<group>"; };
		A6D96198E63990F8E8303010 /* Pods_MooTorrentUITests.framework */ = {isa = PBXFileReference; explicitFileType = wrapper.framework; includeInIndex = 0; path = Pods_MooTorrentUITests.framework; sourceTree = BUILT_PRODUCTS_DIR; };
		C23956FC9DAACB58546C2E15 /* Pods-MooTorrent.debug.xcconfig */ = {isa = PBXFileReference; includeInIndex = 1; lastKnownFileType = text.xcconfig; name = "Pods-MooTorrent.debug.xcconfig"; path = "Pods/Target Support Files/Pods-MooTorrent/Pods-MooTorrent.debug.xcconfig"; sourceTree = "<group>"; };
		C676F834953C7909689A878E /* Pods_MooTorrent.framework */ = {isa = PBXFileReference; explicitFileType = wrapper.framework; includeInIndex = 0; path = Pods_MooTorrent.framework; sourceTree = BUILT_PRODUCTS_DIR; };
		F3EB96D09AEC3A9719CDD4FA /* Pods-MooTorrentUITests.debug.xcconfig */ = {isa = PBXFileReference; includeInIndex = 1; lastKnownFileType = text.xcconfig; name = "Pods-MooTorrentUITests.debug.xcconfig"; path = "Pods/Target Support Files/Pods-MooTorrentUITests/Pods-MooTorrentUITests.debug.xcconfig"; sourceTree = "<group>"; };
		FBF0501A3F31DAE42129FEFD /* Pods-MooTorrentTests.debug.xcconfig */ = {isa = PBXFileReference; includeInIndex = 1; lastKnownFileType = text.xcconfig; name = "Pods-MooTorrentTests.debug.xcconfig"; path = "Pods/Target Support Files/Pods-MooTorrentTests/Pods-MooTorrentTests.debug.xcconfig"; sourceTree = "<group>"; };
/* End PBXFileReference section */

/* Begin PBXFrameworksBuildPhase section */
		46C863911DADD288003E112A /* Frameworks */ = {
			isa = PBXFrameworksBuildPhase;
			buildActionMask = 2147483647;
			files = (
				D0C0403588895A1D35DEA02F /* Pods_MooTorrent.framework in Frameworks */,
			);
			runOnlyForDeploymentPostprocessing = 0;
		};
		46C863A51DADD288003E112A /* Frameworks */ = {
			isa = PBXFrameworksBuildPhase;
			buildActionMask = 2147483647;
			files = (
				6795F2ED1871ABA528B7E06E /* Pods_MooTorrentTests.framework in Frameworks */,
			);
			runOnlyForDeploymentPostprocessing = 0;
		};
		46C863B01DADD288003E112A /* Frameworks */ = {
			isa = PBXFrameworksBuildPhase;
			buildActionMask = 2147483647;
			files = (
				30F0B4260DA11807277F6C60 /* Pods_MooTorrentUITests.framework in Frameworks */,
			);
			runOnlyForDeploymentPostprocessing = 0;
		};
/* End PBXFrameworksBuildPhase section */

/* Begin PBXGroup section */
		0A3CADDCE79D4A10BE186EE5 /* Pods */ = {
			isa = PBXGroup;
			children = (
				C23956FC9DAACB58546C2E15 /* Pods-MooTorrent.debug.xcconfig */,
				427D06CC6CA0BD03182A31A8 /* Pods-MooTorrent.release.xcconfig */,
				FBF0501A3F31DAE42129FEFD /* Pods-MooTorrentTests.debug.xcconfig */,
				757452C31FA33B1E000625BD /* Pods-MooTorrentTests.release.xcconfig */,
				F3EB96D09AEC3A9719CDD4FA /* Pods-MooTorrentUITests.debug.xcconfig */,
				86A3CEF9BE572FEEA284BCB5 /* Pods-MooTorrentUITests.release.xcconfig */,
			);
			name = Pods;
			sourceTree = "<group>";
		};
		46C8638B1DADD288003E112A = {
			isa = PBXGroup;
			children = (
				4604F4651DB4895B004F2467 /* Podfile */,
				46C863961DADD288003E112A /* MooTorrent */,
				46C863AB1DADD288003E112A /* MooTorrentTests */,
				46C863B61DADD289003E112A /* MooTorrentUITests */,
				46C863951DADD288003E112A /* Products */,
				46C863CB1DADE5CD003E112A /* Frameworks */,
				0A3CADDCE79D4A10BE186EE5 /* Pods */,
			);
			sourceTree = "<group>";
		};
		46C863951DADD288003E112A /* Products */ = {
			isa = PBXGroup;
			children = (
				46C863941DADD288003E112A /* MooTorrent.app */,
				46C863A81DADD288003E112A /* MooTorrentTests.xctest */,
				46C863B31DADD289003E112A /* MooTorrentUITests.xctest */,
			);
			name = Products;
			sourceTree = "<group>";
		};
		46C863961DADD288003E112A /* MooTorrent */ = {
			isa = PBXGroup;
			children = (
				46C863971DADD288003E112A /* AppDelegate.swift */,
				46C863991DADD288003E112A /* PreferenceWindowController.swift */,
				46C8639E1DADD288003E112A /* Assets.xcassets */,
				46C863A01DADD288003E112A /* Main.storyboard */,
				46C863A31DADD288003E112A /* Info.plist */,
				46C863C51DADDD12003E112A /* Torrent.swift */,
				46CE7E051DB52322001DAF89 /* TorrentController.swift */,
			);
			path = MooTorrent;
			sourceTree = "<group>";
		};
		46C863AB1DADD288003E112A /* MooTorrentTests */ = {
			isa = PBXGroup;
			children = (
				46C863AC1DADD288003E112A /* MooTorrentTests.swift */,
				46C863AE1DADD288003E112A /* Info.plist */,
			);
			path = MooTorrentTests;
			sourceTree = "<group>";
		};
		46C863B61DADD289003E112A /* MooTorrentUITests */ = {
			isa = PBXGroup;
			children = (
				46C863B71DADD289003E112A /* MooTorrentUITests.swift */,
				46C863B91DADD289003E112A /* Info.plist */,
			);
			path = MooTorrentUITests;
			sourceTree = "<group>";
		};
		46C863CB1DADE5CD003E112A /* Frameworks */ = {
			isa = PBXGroup;
			children = (
				46CE7E091DB53220001DAF89 /* Foundation.framework */,
				C676F834953C7909689A878E /* Pods_MooTorrent.framework */,
				63E58A48901871B59AF9F1A4 /* Pods_MooTorrentTests.framework */,
				A6D96198E63990F8E8303010 /* Pods_MooTorrentUITests.framework */,
			);
			name = Frameworks;
			sourceTree = "<group>";
		};
/* End PBXGroup section */

/* Begin PBXNativeTarget section */
		46C863931DADD288003E112A /* MooTorrent */ = {
			isa = PBXNativeTarget;
			buildConfigurationList = 46C863BC1DADD289003E112A /* Build configuration list for PBXNativeTarget "MooTorrent" */;
			buildPhases = (
				A52D60F04DC1D63757343D5B /* [CP] Check Pods Manifest.lock */,
				46C863901DADD288003E112A /* Sources */,
				46C863911DADD288003E112A /* Frameworks */,
				46C863921DADD288003E112A /* Resources */,
				42550A100D5F4F74A44DFA3D /* [CP] Embed Pods Frameworks */,
				3EF9F59581B0C15FA9EA8ABF /* [CP] Copy Pods Resources */,
			);
			buildRules = (
			);
			dependencies = (
			);
			name = MooTorrent;
			productName = MooTorrent;
			productReference = 46C863941DADD288003E112A /* MooTorrent.app */;
			productType = "com.apple.product-type.application";
		};
		46C863A71DADD288003E112A /* MooTorrentTests */ = {
			isa = PBXNativeTarget;
			buildConfigurationList = 46C863BF1DADD289003E112A /* Build configuration list for PBXNativeTarget "MooTorrentTests" */;
			buildPhases = (
				EC8EFDB69495B266968530F0 /* [CP] Check Pods Manifest.lock */,
				46C863A41DADD288003E112A /* Sources */,
				46C863A51DADD288003E112A /* Frameworks */,
				46C863A61DADD288003E112A /* Resources */,
				80B84EA212484778C6CA401C /* [CP] Embed Pods Frameworks */,
				0632998CD6036918681C9AD5 /* [CP] Copy Pods Resources */,
			);
			buildRules = (
			);
			dependencies = (
				46C863AA1DADD288003E112A /* PBXTargetDependency */,
			);
			name = MooTorrentTests;
			productName = MooTorrentTests;
			productReference = 46C863A81DADD288003E112A /* MooTorrentTests.xctest */;
			productType = "com.apple.product-type.bundle.unit-test";
		};
		46C863B21DADD288003E112A /* MooTorrentUITests */ = {
			isa = PBXNativeTarget;
			buildConfigurationList = 46C863C21DADD289003E112A /* Build configuration list for PBXNativeTarget "MooTorrentUITests" */;
			buildPhases = (
				AD9928E922D2B6B9C1C87A8D /* [CP] Check Pods Manifest.lock */,
				46C863AF1DADD288003E112A /* Sources */,
				46C863B01DADD288003E112A /* Frameworks */,
				46C863B11DADD288003E112A /* Resources */,
				A393C838798164F59FC8BCB6 /* [CP] Embed Pods Frameworks */,
				F7327B9F85033B0A942D8A20 /* [CP] Copy Pods Resources */,
			);
			buildRules = (
			);
			dependencies = (
				46C863B51DADD289003E112A /* PBXTargetDependency */,
			);
			name = MooTorrentUITests;
			productName = MooTorrentUITests;
			productReference = 46C863B31DADD289003E112A /* MooTorrentUITests.xctest */;
			productType = "com.apple.product-type.bundle.ui-testing";
		};
/* End PBXNativeTarget section */

/* Begin PBXProject section */
		46C8638C1DADD288003E112A /* Project object */ = {
			isa = PBXProject;
			attributes = {
				LastSwiftUpdateCheck = 0800;
				LastUpgradeCheck = 0800;
				ORGANIZATIONNAME = Micmoo;
				TargetAttributes = {
					46C863931DADD288003E112A = {
						CreatedOnToolsVersion = 8.0;
						ProvisioningStyle = Automatic;
					};
					46C863A71DADD288003E112A = {
						CreatedOnToolsVersion = 8.0;
						ProvisioningStyle = Automatic;
						TestTargetID = 46C863931DADD288003E112A;
					};
					46C863B21DADD288003E112A = {
						CreatedOnToolsVersion = 8.0;
						ProvisioningStyle = Automatic;
						TestTargetID = 46C863931DADD288003E112A;
					};
				};
			};
			buildConfigurationList = 46C8638F1DADD288003E112A /* Build configuration list for PBXProject "MooTorrent" */;
			compatibilityVersion = "Xcode 3.2";
			developmentRegion = English;
			hasScannedForEncodings = 0;
			knownRegions = (
				en,
				Base,
			);
			mainGroup = 46C8638B1DADD288003E112A;
			productRefGroup = 46C863951DADD288003E112A /* Products */;
			projectDirPath = "";
			projectRoot = "";
			targets = (
				46C863931DADD288003E112A /* MooTorrent */,
				46C863A71DADD288003E112A /* MooTorrentTests */,
				46C863B21DADD288003E112A /* MooTorrentUITests */,
			);
		};
/* End PBXProject section */

/* Begin PBXResourcesBuildPhase section */
		46C863921DADD288003E112A /* Resources */ = {
			isa = PBXResourcesBuildPhase;
			buildActionMask = 2147483647;
			files = (
				46C8639F1DADD288003E112A /* Assets.xcassets in Resources */,
				4604F4661DB4895B004F2467 /* Podfile in Resources */,
				46C863A21DADD288003E112A /* Main.storyboard in Resources */,
			);
			runOnlyForDeploymentPostprocessing = 0;
		};
		46C863A61DADD288003E112A /* Resources */ = {
			isa = PBXResourcesBuildPhase;
			buildActionMask = 2147483647;
			files = (
			);
			runOnlyForDeploymentPostprocessing = 0;
		};
		46C863B11DADD288003E112A /* Resources */ = {
			isa = PBXResourcesBuildPhase;
			buildActionMask = 2147483647;
			files = (
			);
			runOnlyForDeploymentPostprocessing = 0;
		};
/* End PBXResourcesBuildPhase section */

/* Begin PBXShellScriptBuildPhase section */
		0632998CD6036918681C9AD5 /* [CP] Copy Pods Resources */ = {
			isa = PBXShellScriptBuildPhase;
			buildActionMask = 2147483647;
			files = (
			);
			inputPaths = (
			);
			name = "[CP] Copy Pods Resources";
			outputPaths = (
			);
			runOnlyForDeploymentPostprocessing = 0;
			shellPath = /bin/sh;
			shellScript = "\"${SRCROOT}/Pods/Target Support Files/Pods-MooTorrentTests/Pods-MooTorrentTests-resources.sh\"\n";
			showEnvVarsInLog = 0;
		};
		3EF9F59581B0C15FA9EA8ABF /* [CP] Copy Pods Resources */ = {
			isa = PBXShellScriptBuildPhase;
			buildActionMask = 2147483647;
			files = (
			);
			inputPaths = (
			);
			name = "[CP] Copy Pods Resources";
			outputPaths = (
			);
			runOnlyForDeploymentPostprocessing = 0;
			shellPath = /bin/sh;
			shellScript = "\"${SRCROOT}/Pods/Target Support Files/Pods-MooTorrent/Pods-MooTorrent-resources.sh\"\n";
			showEnvVarsInLog = 0;
		};
		42550A100D5F4F74A44DFA3D /* [CP] Embed Pods Frameworks */ = {
			isa = PBXShellScriptBuildPhase;
			buildActionMask = 2147483647;
			files = (
			);
			inputPaths = (
			);
			name = "[CP] Embed Pods Frameworks";
			outputPaths = (
			);
			runOnlyForDeploymentPostprocessing = 0;
			shellPath = /bin/sh;
			shellScript = "\"${SRCROOT}/Pods/Target Support Files/Pods-MooTorrent/Pods-MooTorrent-frameworks.sh\"\n";
			showEnvVarsInLog = 0;
		};
		80B84EA212484778C6CA401C /* [CP] Embed Pods Frameworks */ = {
			isa = PBXShellScriptBuildPhase;
			buildActionMask = 2147483647;
			files = (
			);
			inputPaths = (
			);
			name = "[CP] Embed Pods Frameworks";
			outputPaths = (
			);
			runOnlyForDeploymentPostprocessing = 0;
			shellPath = /bin/sh;
			shellScript = "\"${SRCROOT}/Pods/Target Support Files/Pods-MooTorrentTests/Pods-MooTorrentTests-frameworks.sh\"\n";
			showEnvVarsInLog = 0;
		};
		A393C838798164F59FC8BCB6 /* [CP] Embed Pods Frameworks */ = {
			isa = PBXShellScriptBuildPhase;
			buildActionMask = 2147483647;
			files = (
			);
			inputPaths = (
			);
			name = "[CP] Embed Pods Frameworks";
			outputPaths = (
			);
			runOnlyForDeploymentPostprocessing = 0;
			shellPath = /bin/sh;
			shellScript = "\"${SRCROOT}/Pods/Target Support Files/Pods-MooTorrentUITests/Pods-MooTorrentUITests-frameworks.sh\"\n";
			showEnvVarsInLog = 0;
		};
		A52D60F04DC1D63757343D5B /* [CP] Check Pods Manifest.lock */ = {
			isa = PBXShellScriptBuildPhase;
			buildActionMask = 2147483647;
			files = (
			);
			inputPaths = (
			);
			name = "[CP] Check Pods Manifest.lock";
			outputPaths = (
			);
			runOnlyForDeploymentPostprocessing = 0;
			shellPath = /bin/sh;
			shellScript = "diff \"${PODS_ROOT}/../Podfile.lock\" \"${PODS_ROOT}/Manifest.lock\" > /dev/null\nif [ $? != 0 ] ; then\n    # print error to STDERR\n    echo \"error: The sandbox is not in sync with the Podfile.lock. Run 'pod install' or update your CocoaPods installation.\" >&2\n    exit 1\nfi\n";
			showEnvVarsInLog = 0;
		};
		AD9928E922D2B6B9C1C87A8D /* [CP] Check Pods Manifest.lock */ = {
			isa = PBXShellScriptBuildPhase;
			buildActionMask = 2147483647;
			files = (
			);
			inputPaths = (
			);
			name = "[CP] Check Pods Manifest.lock";
			outputPaths = (
			);
			runOnlyForDeploymentPostprocessing = 0;
			shellPath = /bin/sh;
			shellScript = "diff \"${PODS_ROOT}/../Podfile.lock\" \"${PODS_ROOT}/Manifest.lock\" > /dev/null\nif [ $? != 0 ] ; then\n    # print error to STDERR\n    echo \"error: The sandbox is not in sync with the Podfile.lock. Run 'pod install' or update your CocoaPods installation.\" >&2\n    exit 1\nfi\n";
			showEnvVarsInLog = 0;
		};
		EC8EFDB69495B266968530F0 /* [CP] Check Pods Manifest.lock */ = {
			isa = PBXShellScriptBuildPhase;
			buildActionMask = 2147483647;
			files = (
			);
			inputPaths = (
			);
			name = "[CP] Check Pods Manifest.lock";
			outputPaths = (
			);
			runOnlyForDeploymentPostprocessing = 0;
			shellPath = /bin/sh;
			shellScript = "diff \"${PODS_ROOT}/../Podfile.lock\" \"${PODS_ROOT}/Manifest.lock\" > /dev/null\nif [ $? != 0 ] ; then\n    # print error to STDERR\n    echo \"error: The sandbox is not in sync with the Podfile.lock. Run 'pod install' or update your CocoaPods installation.\" >&2\n    exit 1\nfi\n";
			showEnvVarsInLog = 0;
		};
		F7327B9F85033B0A942D8A20 /* [CP] Copy Pods Resources */ = {
			isa = PBXShellScriptBuildPhase;
			buildActionMask = 2147483647;
			files = (
			);
			inputPaths = (
			);
			name = "[CP] Copy Pods Resources";
			outputPaths = (
			);
			runOnlyForDeploymentPostprocessing = 0;
			shellPath = /bin/sh;
			shellScript = "\"${SRCROOT}/Pods/Target Support Files/Pods-MooTorrentUITests/Pods-MooTorrentUITests-resources.sh\"\n";
			showEnvVarsInLog = 0;
		};
/* End PBXShellScriptBuildPhase section */

/* Begin PBXSourcesBuildPhase section */
		46C863901DADD288003E112A /* Sources */ = {
			isa = PBXSourcesBuildPhase;
			buildActionMask = 2147483647;
			files = (
				46C8639A1DADD288003E112A /* PreferenceWindowController.swift in Sources */,
				46CE7E071DB52ED5001DAF89 /* TorrentController.swift in Sources */,
				46C863C61DADDD12003E112A /* Torrent.swift in Sources */,
				46C863981DADD288003E112A /* AppDelegate.swift in Sources */,
			);
			runOnlyForDeploymentPostprocessing = 0;
		};
		46C863A41DADD288003E112A /* Sources */ = {
			isa = PBXSourcesBuildPhase;
			buildActionMask = 2147483647;
			files = (
				46C863AD1DADD288003E112A /* MooTorrentTests.swift in Sources */,
			);
			runOnlyForDeploymentPostprocessing = 0;
		};
		46C863AF1DADD288003E112A /* Sources */ = {
			isa = PBXSourcesBuildPhase;
			buildActionMask = 2147483647;
			files = (
				46C863B81DADD289003E112A /* MooTorrentUITests.swift in Sources */,
			);
			runOnlyForDeploymentPostprocessing = 0;
		};
/* End PBXSourcesBuildPhase section */

/* Begin PBXTargetDependency section */
		46C863AA1DADD288003E112A /* PBXTargetDependency */ = {
			isa = PBXTargetDependency;
			target = 46C863931DADD288003E112A /* MooTorrent */;
			targetProxy = 46C863A91DADD288003E112A /* PBXContainerItemProxy */;
		};
		46C863B51DADD289003E112A /* PBXTargetDependency */ = {
			isa = PBXTargetDependency;
			target = 46C863931DADD288003E112A /* MooTorrent */;
			targetProxy = 46C863B41DADD289003E112A /* PBXContainerItemProxy */;
		};
/* End PBXTargetDependency section */

/* Begin PBXVariantGroup section */
		46C863A01DADD288003E112A /* Main.storyboard */ = {
			isa = PBXVariantGroup;
			children = (
				46C863A11DADD288003E112A /* Base */,
			);
			name = Main.storyboard;
			sourceTree = "<group>";
		};
/* End PBXVariantGroup section */

/* Begin XCBuildConfiguration section */
		46C863BA1DADD289003E112A /* Debug */ = {
			isa = XCBuildConfiguration;
			buildSettings = {
				ALWAYS_SEARCH_USER_PATHS = NO;
				CLANG_ANALYZER_NONNULL = YES;
				CLANG_CXX_LANGUAGE_STANDARD = "gnu++0x";
				CLANG_CXX_LIBRARY = "libc++";
				CLANG_ENABLE_MODULES = YES;
				CLANG_ENABLE_OBJC_ARC = YES;
				CLANG_WARN_BOOL_CONVERSION = YES;
				CLANG_WARN_CONSTANT_CONVERSION = YES;
				CLANG_WARN_DIRECT_OBJC_ISA_USAGE = YES_ERROR;
				CLANG_WARN_DOCUMENTATION_COMMENTS = YES;
				CLANG_WARN_EMPTY_BODY = YES;
				CLANG_WARN_ENUM_CONVERSION = YES;
				CLANG_WARN_INFINITE_RECURSION = YES;
				CLANG_WARN_INT_CONVERSION = YES;
				CLANG_WARN_OBJC_ROOT_CLASS = YES_ERROR;
				CLANG_WARN_SUSPICIOUS_MOVE = YES;
				CLANG_WARN_SUSPICIOUS_MOVES = YES;
				CLANG_WARN_UNREACHABLE_CODE = YES;
				CLANG_WARN__DUPLICATE_METHOD_MATCH = YES;
				CODE_SIGN_IDENTITY = "Mac Developer";
				COPY_PHASE_STRIP = NO;
				DEBUG_INFORMATION_FORMAT = dwarf;
				ENABLE_STRICT_OBJC_MSGSEND = YES;
				ENABLE_TESTABILITY = YES;
				GCC_C_LANGUAGE_STANDARD = gnu99;
				GCC_DYNAMIC_NO_PIC = NO;
				GCC_NO_COMMON_BLOCKS = YES;
				GCC_OPTIMIZATION_LEVEL = 0;
				GCC_PREPROCESSOR_DEFINITIONS = (
					"DEBUG=1",
					"$(inherited)",
				);
				GCC_WARN_64_TO_32_BIT_CONVERSION = YES;
				GCC_WARN_ABOUT_RETURN_TYPE = YES_ERROR;
				GCC_WARN_UNDECLARED_SELECTOR = YES;
				GCC_WARN_UNINITIALIZED_AUTOS = YES_AGGRESSIVE;
				GCC_WARN_UNUSED_FUNCTION = YES;
				GCC_WARN_UNUSED_VARIABLE = YES;
				MACOSX_DEPLOYMENT_TARGET = 10.11;
				MTL_ENABLE_DEBUG_INFO = YES;
				ONLY_ACTIVE_ARCH = YES;
				SDKROOT = macosx;
				SWIFT_ACTIVE_COMPILATION_CONDITIONS = DEBUG;
				SWIFT_OPTIMIZATION_LEVEL = "-Onone";
			};
			name = Debug;
		};
		46C863BB1DADD289003E112A /* Release */ = {
			isa = XCBuildConfiguration;
			buildSettings = {
				ALWAYS_SEARCH_USER_PATHS = NO;
				CLANG_ANALYZER_NONNULL = YES;
				CLANG_CXX_LANGUAGE_STANDARD = "gnu++0x";
				CLANG_CXX_LIBRARY = "libc++";
				CLANG_ENABLE_MODULES = YES;
				CLANG_ENABLE_OBJC_ARC = YES;
				CLANG_WARN_BOOL_CONVERSION = YES;
				CLANG_WARN_CONSTANT_CONVERSION = YES;
				CLANG_WARN_DIRECT_OBJC_ISA_USAGE = YES_ERROR;
				CLANG_WARN_DOCUMENTATION_COMMENTS = YES;
				CLANG_WARN_EMPTY_BODY = YES;
				CLANG_WARN_ENUM_CONVERSION = YES;
				CLANG_WARN_INFINITE_RECURSION = YES;
				CLANG_WARN_INT_CONVERSION = YES;
				CLANG_WARN_OBJC_ROOT_CLASS = YES_ERROR;
				CLANG_WARN_SUSPICIOUS_MOVE = YES;
				CLANG_WARN_SUSPICIOUS_MOVES = YES;
				CLANG_WARN_UNREACHABLE_CODE = YES;
				CLANG_WARN__DUPLICATE_METHOD_MATCH = YES;
				CODE_SIGN_IDENTITY = "Mac Developer";
				COPY_PHASE_STRIP = NO;
				DEBUG_INFORMATION_FORMAT = "dwarf-with-dsym";
				ENABLE_NS_ASSERTIONS = NO;
				ENABLE_STRICT_OBJC_MSGSEND = YES;
				GCC_C_LANGUAGE_STANDARD = gnu99;
				GCC_NO_COMMON_BLOCKS = YES;
				GCC_WARN_64_TO_32_BIT_CONVERSION = YES;
				GCC_WARN_ABOUT_RETURN_TYPE = YES_ERROR;
				GCC_WARN_UNDECLARED_SELECTOR = YES;
				GCC_WARN_UNINITIALIZED_AUTOS = YES_AGGRESSIVE;
				GCC_WARN_UNUSED_FUNCTION = YES;
				GCC_WARN_UNUSED_VARIABLE = YES;
				MACOSX_DEPLOYMENT_TARGET = 10.11;
				MTL_ENABLE_DEBUG_INFO = NO;
				SDKROOT = macosx;
				SWIFT_OPTIMIZATION_LEVEL = "-Owholemodule";
			};
			name = Release;
		};
		46C863BD1DADD289003E112A /* Debug */ = {
			isa = XCBuildConfiguration;
			baseConfigurationReference = C23956FC9DAACB58546C2E15 /* Pods-MooTorrent.debug.xcconfig */;
			buildSettings = {
				ASSETCATALOG_COMPILER_APPICON_NAME = AppIcon;
				COMBINE_HIDPI_IMAGES = YES;
				INFOPLIST_FILE = MooTorrent/Info.plist;
				LD_RUNPATH_SEARCH_PATHS = "$(inherited) @executable_path/../Frameworks";
				PRODUCT_BUNDLE_IDENTIFIER = org.micmoo.MooTorrent;
				PRODUCT_NAME = "$(TARGET_NAME)";
				SWIFT_VERSION = 3.0;
			};
			name = Debug;
		};
		46C863BE1DADD289003E112A /* Release */ = {
			isa = XCBuildConfiguration;
			baseConfigurationReference = 427D06CC6CA0BD03182A31A8 /* Pods-MooTorrent.release.xcconfig */;
			buildSettings = {
				ASSETCATALOG_COMPILER_APPICON_NAME = AppIcon;
				COMBINE_HIDPI_IMAGES = YES;
				INFOPLIST_FILE = MooTorrent/Info.plist;
				LD_RUNPATH_SEARCH_PATHS = "$(inherited) @executable_path/../Frameworks";
				PRODUCT_BUNDLE_IDENTIFIER = org.micmoo.MooTorrent;
				PRODUCT_NAME = "$(TARGET_NAME)";
				SWIFT_VERSION = 3.0;
			};
			name = Release;
		};
		46C863C01DADD289003E112A /* Debug */ = {
			isa = XCBuildConfiguration;
			baseConfigurationReference = FBF0501A3F31DAE42129FEFD /* Pods-MooTorrentTests.debug.xcconfig */;
			buildSettings = {
				ALWAYS_EMBED_SWIFT_STANDARD_LIBRARIES = "$(inherited)";
				BUNDLE_LOADER = "$(TEST_HOST)";
				COMBINE_HIDPI_IMAGES = YES;
				INFOPLIST_FILE = MooTorrentTests/Info.plist;
				LD_RUNPATH_SEARCH_PATHS = "$(inherited) @executable_path/../Frameworks @loader_path/../Frameworks";
				PRODUCT_BUNDLE_IDENTIFIER = org.micmoo.MooTorrentTests;
				PRODUCT_NAME = "$(TARGET_NAME)";
				SWIFT_VERSION = 3.0;
				TEST_HOST = "$(BUILT_PRODUCTS_DIR)/MooTorrent.app/Contents/MacOS/MooTorrent";
			};
			name = Debug;
		};
		46C863C11DADD289003E112A /* Release */ = {
			isa = XCBuildConfiguration;
			baseConfigurationReference = 757452C31FA33B1E000625BD /* Pods-MooTorrentTests.release.xcconfig */;
			buildSettings = {
				ALWAYS_EMBED_SWIFT_STANDARD_LIBRARIES = "$(inherited)";
				BUNDLE_LOADER = "$(TEST_HOST)";
				COMBINE_HIDPI_IMAGES = YES;
				INFOPLIST_FILE = MooTorrentTests/Info.plist;
				LD_RUNPATH_SEARCH_PATHS = "$(inherited) @executable_path/../Frameworks @loader_path/../Frameworks";
				PRODUCT_BUNDLE_IDENTIFIER = org.micmoo.MooTorrentTests;
				PRODUCT_NAME = "$(TARGET_NAME)";
				SWIFT_VERSION = 3.0;
				TEST_HOST = "$(BUILT_PRODUCTS_DIR)/MooTorrent.app/Contents/MacOS/MooTorrent";
			};
			name = Release;
		};
		46C863C31DADD289003E112A /* Debug */ = {
			isa = XCBuildConfiguration;
			baseConfigurationReference = F3EB96D09AEC3A9719CDD4FA /* Pods-MooTorrentUITests.debug.xcconfig */;
			buildSettings = {
				ALWAYS_EMBED_SWIFT_STANDARD_LIBRARIES = "$(inherited)";
				COMBINE_HIDPI_IMAGES = YES;
				INFOPLIST_FILE = MooTorrentUITests/Info.plist;
				LD_RUNPATH_SEARCH_PATHS = "$(inherited) @executable_path/../Frameworks @loader_path/../Frameworks";
				PRODUCT_BUNDLE_IDENTIFIER = org.micmoo.MooTorrentUITests;
				PRODUCT_NAME = "$(TARGET_NAME)";
				SWIFT_VERSION = 3.0;
				TEST_TARGET_NAME = MooTorrent;
			};
			name = Debug;
		};
		46C863C41DADD289003E112A /* Release */ = {
			isa = XCBuildConfiguration;
			baseConfigurationReference = 86A3CEF9BE572FEEA284BCB5 /* Pods-MooTorrentUITests.release.xcconfig */;
			buildSettings = {
				ALWAYS_EMBED_SWIFT_STANDARD_LIBRARIES = "$(inherited)";
				COMBINE_HIDPI_IMAGES = YES;
				INFOPLIST_FILE = MooTorrentUITests/Info.plist;
				LD_RUNPATH_SEARCH_PATHS = "$(inherited) @executable_path/../Frameworks @loader_path/../Frameworks";
				PRODUCT_BUNDLE_IDENTIFIER = org.micmoo.MooTorrentUITests;
				PRODUCT_NAME = "$(TARGET_NAME)";
				SWIFT_VERSION = 3.0;
				TEST_TARGET_NAME = MooTorrent;
			};
			name = Release;
		};
/* End XCBuildConfiguration section */

/* Begin XCConfigurationList section */
		46C8638F1DADD288003E112A /* Build configuration list for PBXProject "MooTorrent" */ = {
			isa = XCConfigurationList;
			buildConfigurations = (
				46C863BA1DADD289003E112A /* Debug */,
				46C863BB1DADD289003E112A /* Release */,
			);
			defaultConfigurationIsVisible = 0;
			defaultConfigurationName = Release;
		};
		46C863BC1DADD289003E112A /* Build configuration list for PBXNativeTarget "MooTorrent" */ = {
			isa = XCConfigurationList;
			buildConfigurations = (
				46C863BD1DADD289003E112A /* Debug */,
				46C863BE1DADD289003E112A /* Release */,
			);
			defaultConfigurationIsVisible = 0;
			defaultConfigurationName = Release;
		};
		46C863BF1DADD289003E112A /* Build configuration list for PBXNativeTarget "MooTorrentTests" */ = {
			isa = XCConfigurationList;
			buildConfigurations = (
				46C863C01DADD289003E112A /* Debug */,
				46C863C11DADD289003E112A /* Release */,
			);
			defaultConfigurationIsVisible = 0;
			defaultConfigurationName = Release;
		};
		46C863C21DADD289003E112A /* Build configuration list for PBXNativeTarget "MooTorrentUITests" */ = {
			isa = XCConfigurationList;
			buildConfigurations = (
				46C863C31DADD289003E112A /* Debug */,
				46C863C41DADD289003E112A /* Release */,
			);
			defaultConfigurationIsVisible = 0;
			defaultConfigurationName = Release;
		};
/* End XCConfigurationList section */
	};
	rootObject = 46C8638C1DADD288003E112A /* Project object */;
}
